
Microsoft Visual Studio Solution File, Format Version 12.00
# Visual Studio 15
VisualStudioVersion = 15.0.27428.2037
MinimumVisualStudioVersion = 10.0.40219.1
Project("{FAE04EC0-301F-11D3-BF4B-00C04F79EFBC}") = "ComicBookGalleryModel", "ComicBookGalleryModel\ComicBookGalleryModel.csproj", "{33807A6F-5C12-4B4C-9CEA-3A20716289FA}"
EndProject
Global
	GlobalSection(SolutionConfigurationPlatforms) = preSolution
		Debug|Any CPU = Debug|Any CPU
		Release|Any CPU = Release|Any CPU
	EndGlobalSection
	GlobalSection(ProjectConfigurationPlatforms) = postSolution
		{33807A6F-5C12-4B4C-9CEA-3A20716289FA}.Debug|Any CPU.ActiveCfg = Debug|Any CPU
		{33807A6F-5C12-4B4C-9CEA-3A20716289FA}.Debug|Any CPU.Build.0 = Debug|Any CPU
		{33807A6F-5C12-4B4C-9CEA-3A20716289FA}.Release|Any CPU.ActiveCfg = Release|Any CPU
		{33807A6F-5C12-4B4C-9CEA-3A20716289FA}.Release|Any CPU.Build.0 = Release|Any CPU
	EndGlobalSection
	GlobalSection(SolutionProperties) = preSolution
		HideSolutionNode = FALSE
	EndGlobalSection
	GlobalSection(ExtensibilityGlobals) = postSolution
		SolutionGuid = {53969284-1619-46FE-AB1D-86B2FC9CC3FB}
	EndGlobalSection
EndGlobal
